{
  "lockfileVersion": 1,
  "configVersion": 1,
  "workspaces": {
    "": {
      "dependencies": {
        "csv-parse": "^7.0.1",
      },
    },
  },
  "packages": {
    "csv-parse": ["csv-parse@7.0.1", "", {}, "sha512-+2z7Ar0APQ7Uu6fX4cn+pitRmxjZ1WPBcGmZFKmA74FCyi7Et/XZx8cjNQ5CjbZ4HCOxXCOpRBYvYH08Qa003A=="],
  }
}
